{
  "name": "optic",
  "version": "1.0.0",
  "lockfileVersion": 1,
  "requires": true,
  "dependencies": {
    "async-limiter": {
      "version": "1.0.0",
      "resolved": "https://registry.npmjs.org/async-limiter/-/async-limiter-1.0.0.tgz",
      "integrity": "sha512-jp/uFnooOiO+L211eZOoSyzpOITMXx1rBITauYykG3BRYPu8h0UcxsPNB04RR5vo4Tyz3+ay17tR6JVf9qzYWg=="
    },
    "atom-set-text": {
      "version": "1.1.2",
      "resolved": "https://registry.npmjs.org/atom-set-text/-/atom-set-text-1.1.2.tgz",
      "integrity": "sha1-Y1LWKXOy5nbSvdVwYyDJh9M7UIE="
    },
    "optic-editor-sdk": {
      "version": "0.1.1",
      "resolved": "https://registry.npmjs.org/optic-editor-sdk/-/optic-editor-sdk-0.1.1.tgz",
      "integrity": "sha512-o/0Lsa0guQb3N7AI3+KXLVzfcXnot7zQ9VI/nrozt05VT6NltzXPzf1pKlvQh36OvDWHIUAHm8F/t/BUzWoK8Q==",
      "requires": {
        "reconnecting-websocket": "3.2.2",
        "ws": "4.1.0"
      }
    },
    "reconnecting-websocket": {
      "version": "3.2.2",
      "resolved": "https://registry.npmjs.org/reconnecting-websocket/-/reconnecting-websocket-3.2.2.tgz",
      "integrity": "sha512-SWSfoXiaHVOqXuPWFgGWeUxKnb5HIY7I/Fh5C/hy4wUOgeOh7YIMXEiv5/eHBlNs4tNzCrO5YDR9AH62NWle0Q=="
    },
    "safe-buffer": {
      "version": "5.1.1",
      "resolved": "https://registry.npmjs.org/safe-buffer/-/safe-buffer-5.1.1.tgz",
      "integrity": "sha512-kKvNJn6Mm93gAczWVJg7wH+wGYWNrDHdWvpUmHyEsgCtIwwo3bqPtV4tR5tuPaUhTOo/kvhVwd8XwwOllGYkbg=="
    },
    "ws": {
      "version": "4.1.0",
      "resolved": "https://registry.npmjs.org/ws/-/ws-4.1.0.tgz",
      "integrity": "sha512-ZGh/8kF9rrRNffkLFV4AzhvooEclrOH0xaugmqGsIfFgOE/pIz4fMc4Ef+5HSQqTEug2S9JZIWDR47duDSLfaA==",
      "requires": {
        "async-limiter": "1.0.0",
        "safe-buffer": "5.1.1"
      }
    }
  }
}
